
Microsoft Visual Studio Solution File, Format Version 12.00
# Visual Studio 15
Project("{FAE04EC0-301F-11D3-BF4B-00C04F79EFBC}") = "HookPhoneEnglishHuaWei.Plugins", "HookPhoneEnglishHuaWei.Plugins.csproj", "{863D873B-E0AC-D979-88CD-7A2438213A52}"
EndProject
Project("{FAE04EC0-301F-11D3-BF4B-00C04F79EFBC}") = "HookPhoneEnglishHuaWei", "HookPhoneEnglishHuaWei.csproj", "{D1ADFDAA-A049-A68C-EE5F-E9764EBBE7EB}"
EndProject
Project("{FAE04EC0-301F-11D3-BF4B-00C04F79EFBC}") = "HookPhoneEnglishHuaWei.Editor", "HookPhoneEnglishHuaWei.Editor.csproj", "{2C25DDD6-93E5-49EF-952F-65051BB70417}"
EndProject
Global
	GlobalSection(SolutionConfigurationPlatforms) = preSolution
		Debug|Any CPU = Debug|Any CPU
		Release|Any CPU = Release|Any CPU
	EndGlobalSection
	GlobalSection(ProjectConfigurationPlatforms) = postSolution
		{863D873B-E0AC-D979-88CD-7A2438213A52}.Debug|Any CPU.ActiveCfg = Debug|Any CPU
		{863D873B-E0AC-D979-88CD-7A2438213A52}.Debug|Any CPU.Build.0 = Debug|Any CPU
		{863D873B-E0AC-D979-88CD-7A2438213A52}.Release|Any CPU.ActiveCfg = Release|Any CPU
		{863D873B-E0AC-D979-88CD-7A2438213A52}.Release|Any CPU.Build.0 = Release|Any CPU
		{D1ADFDAA-A049-A68C-EE5F-E9764EBBE7EB}.Debug|Any CPU.ActiveCfg = Debug|Any CPU
		{D1ADFDAA-A049-A68C-EE5F-E9764EBBE7EB}.Debug|Any CPU.Build.0 = Debug|Any CPU
		{D1ADFDAA-A049-A68C-EE5F-E9764EBBE7EB}.Release|Any CPU.ActiveCfg = Release|Any CPU
		{D1ADFDAA-A049-A68C-EE5F-E9764EBBE7EB}.Release|Any CPU.Build.0 = Release|Any CPU
		{2C25DDD6-93E5-49EF-952F-65051BB70417}.Debug|Any CPU.ActiveCfg = Debug|Any CPU
		{2C25DDD6-93E5-49EF-952F-65051BB70417}.Debug|Any CPU.Build.0 = Debug|Any CPU
		{2C25DDD6-93E5-49EF-952F-65051BB70417}.Release|Any CPU.ActiveCfg = Release|Any CPU
		{2C25DDD6-93E5-49EF-952F-65051BB70417}.Release|Any CPU.Build.0 = Release|Any CPU
	EndGlobalSection
	GlobalSection(SolutionProperties) = preSolution
		HideSolutionNode = FALSE
	EndGlobalSection
EndGlobal
